
Microsoft Visual Studio Solution File, Format Version 12.00
# Visual Studio 14
VisualStudioVersion = 14.0.25420.1
MinimumVisualStudioVersion = 10.0.40219.1
Project("{FAE04EC0-301F-11D3-BF4B-00C04F79EFBC}") = "Jet", "Jet\Jet.csproj", "{D38945FA-BC1F-49A3-9096-E5BBCA30CBF4}"
EndProject
Global
	GlobalSection(SolutionConfigurationPlatforms) = preSolution
		Debug|Any CPU = Debug|Any CPU
		Release|Any CPU = Release|Any CPU
	EndGlobalSection
	GlobalSection(ProjectConfigurationPlatforms) = postSolution
		{D38945FA-BC1F-49A3-9096-E5BBCA30CBF4}.Debug|Any CPU.ActiveCfg = Debug|Any CPU
		{D38945FA-BC1F-49A3-9096-E5BBCA30CBF4}.Debug|Any CPU.Build.0 = Debug|Any CPU
		{D38945FA-BC1F-49A3-9096-E5BBCA30CBF4}.Release|Any CPU.ActiveCfg = Release|Any CPU
		{D38945FA-BC1F-49A3-9096-E5BBCA30CBF4}.Release|Any CPU.Build.0 = Release|Any CPU
	EndGlobalSection
	GlobalSection(SolutionProperties) = preSolution
		HideSolutionNode = FALSE
	EndGlobalSection
EndGlobal
